
Microsoft Visual Studio Solution File, Format Version 12.00
# Visual Studio 14
VisualStudioVersion = 14.0.25123.0
MinimumVisualStudioVersion = 10.0.40219.1
Project("{FAE04EC0-301F-11D3-BF4B-00C04F79EFBC}") = "PoliceSystem", "PoliceSystem\PoliceSystem.csproj", "{C82D407D-C367-42A2-B36E-E3830349AC57}"
EndProject
Project("{FAE04EC0-301F-11D3-BF4B-00C04F79EFBC}") = "UnitTests", "UnitTests\UnitTests.csproj", "{F5BDCE2D-B335-4977-8BCD-7650EBF48417}"
EndProject
Global
	GlobalSection(SolutionConfigurationPlatforms) = preSolution
		Debug|Any CPU = Debug|Any CPU
		Release|Any CPU = Release|Any CPU
	EndGlobalSection
	GlobalSection(ProjectConfigurationPlatforms) = postSolution
		{C82D407D-C367-42A2-B36E-E3830349AC57}.Debug|Any CPU.ActiveCfg = Debug|Any CPU
		{C82D407D-C367-42A2-B36E-E3830349AC57}.Debug|Any CPU.Build.0 = Debug|Any CPU
		{C82D407D-C367-42A2-B36E-E3830349AC57}.Release|Any CPU.ActiveCfg = Release|Any CPU
		{C82D407D-C367-42A2-B36E-E3830349AC57}.Release|Any CPU.Build.0 = Release|Any CPU
		{F5BDCE2D-B335-4977-8BCD-7650EBF48417}.Debug|Any CPU.ActiveCfg = Debug|Any CPU
		{F5BDCE2D-B335-4977-8BCD-7650EBF48417}.Debug|Any CPU.Build.0 = Debug|Any CPU
		{F5BDCE2D-B335-4977-8BCD-7650EBF48417}.Release|Any CPU.ActiveCfg = Release|Any CPU
		{F5BDCE2D-B335-4977-8BCD-7650EBF48417}.Release|Any CPU.Build.0 = Release|Any CPU
	EndGlobalSection
	GlobalSection(SolutionProperties) = preSolution
		HideSolutionNode = FALSE
	EndGlobalSection
EndGlobal
